# This file is automatically @generated by Cargo.
# It is not intended for manual editing.
version = 4

[[package]]
name = "instant-auth"
version = "0.1.0"

[[package]]
name = "instant-db"
version = "0.1.0"

[[package]]
name = "instant-domain"
version = "0.1.0"

[[package]]
name = "instant-importer"
version = "0.1.0"

[[package]]
name = "instant-map-ui"
version = "0.1.0"

[[package]]
name = "instant-space-app"
version = "0.1.0"
